
Microsoft Visual Studio Solution File, Format Version 12.00
# Visual Studio Version 16
VisualStudioVersion = 16.0.31911.196
MinimumVisualStudioVersion = 10.0.40219.1
Project("{FAE04EC0-301F-11D3-BF4B-00C04F79EFBC}") = "wed3", "wed3\wed3.csproj", "{E6B1821F-AA8E-40AB-B0D2-293FA689A6C5}"
EndProject
Global
	GlobalSection(SolutionConfigurationPlatforms) = preSolution
		Debug|Any CPU = Debug|Any CPU
		Release|Any CPU = Release|Any CPU
	EndGlobalSection
	GlobalSection(ProjectConfigurationPlatforms) = postSolution
		{E6B1821F-AA8E-40AB-B0D2-293FA689A6C5}.Debug|Any CPU.ActiveCfg = Debug|Any CPU
		{E6B1821F-AA8E-40AB-B0D2-293FA689A6C5}.Debug|Any CPU.Build.0 = Debug|Any CPU
		{E6B1821F-AA8E-40AB-B0D2-293FA689A6C5}.Release|Any CPU.ActiveCfg = Release|Any CPU
		{E6B1821F-AA8E-40AB-B0D2-293FA689A6C5}.Release|Any CPU.Build.0 = Release|Any CPU
	EndGlobalSection
	GlobalSection(SolutionProperties) = preSolution
		HideSolutionNode = FALSE
	EndGlobalSection
	GlobalSection(ExtensibilityGlobals) = postSolution
		SolutionGuid = {F4CF02BD-8C3C-4B39-AB94-3DD748700489}
	EndGlobalSection
EndGlobal
