
Microsoft Visual Studio Solution File, Format Version 12.00
# Visual Studio Version 16
VisualStudioVersion = 16.0.31911.196
MinimumVisualStudioVersion = 10.0.40219.1
Project("{FAE04EC0-301F-11D3-BF4B-00C04F79EFBC}") = "mul", "mul\mul.csproj", "{90E2A50E-AF78-4651-8633-B89B3269100A}"
EndProject
Global
	GlobalSection(SolutionConfigurationPlatforms) = preSolution
		Debug|Any CPU = Debug|Any CPU
		Release|Any CPU = Release|Any CPU
	EndGlobalSection
	GlobalSection(ProjectConfigurationPlatforms) = postSolution
		{90E2A50E-AF78-4651-8633-B89B3269100A}.Debug|Any CPU.ActiveCfg = Debug|Any CPU
		{90E2A50E-AF78-4651-8633-B89B3269100A}.Debug|Any CPU.Build.0 = Debug|Any CPU
		{90E2A50E-AF78-4651-8633-B89B3269100A}.Release|Any CPU.ActiveCfg = Release|Any CPU
		{90E2A50E-AF78-4651-8633-B89B3269100A}.Release|Any CPU.Build.0 = Release|Any CPU
	EndGlobalSection
	GlobalSection(SolutionProperties) = preSolution
		HideSolutionNode = FALSE
	EndGlobalSection
	GlobalSection(ExtensibilityGlobals) = postSolution
		SolutionGuid = {E218B194-8188-4C96-B747-D42E3CD8F7B9}
	EndGlobalSection
EndGlobal
