
Microsoft Visual Studio Solution File, Format Version 12.00
# Visual Studio Version 16
VisualStudioVersion = 16.0.31911.196
MinimumVisualStudioVersion = 10.0.40219.1
Project("{FAE04EC0-301F-11D3-BF4B-00C04F79EFBC}") = "day", "day\day.csproj", "{872B0A2E-2022-4C50-A78F-3325523DBD0C}"
EndProject
Global
	GlobalSection(SolutionConfigurationPlatforms) = preSolution
		Debug|Any CPU = Debug|Any CPU
		Release|Any CPU = Release|Any CPU
	EndGlobalSection
	GlobalSection(ProjectConfigurationPlatforms) = postSolution
		{872B0A2E-2022-4C50-A78F-3325523DBD0C}.Debug|Any CPU.ActiveCfg = Debug|Any CPU
		{872B0A2E-2022-4C50-A78F-3325523DBD0C}.Debug|Any CPU.Build.0 = Debug|Any CPU
		{872B0A2E-2022-4C50-A78F-3325523DBD0C}.Release|Any CPU.ActiveCfg = Release|Any CPU
		{872B0A2E-2022-4C50-A78F-3325523DBD0C}.Release|Any CPU.Build.0 = Release|Any CPU
	EndGlobalSection
	GlobalSection(SolutionProperties) = preSolution
		HideSolutionNode = FALSE
	EndGlobalSection
	GlobalSection(ExtensibilityGlobals) = postSolution
		SolutionGuid = {F5996225-1216-4DAA-B96E-733F8A46B63A}
	EndGlobalSection
EndGlobal
