
Microsoft Visual Studio Solution File, Format Version 12.00
# Visual Studio Version 16
VisualStudioVersion = 16.0.31911.196
MinimumVisualStudioVersion = 10.0.40219.1
Project("{FAE04EC0-301F-11D3-BF4B-00C04F79EFBC}") = "holiday", "holiday\holiday.csproj", "{88F5D19F-6A16-44FE-A802-12733A9EB9D6}"
EndProject
Global
	GlobalSection(SolutionConfigurationPlatforms) = preSolution
		Debug|Any CPU = Debug|Any CPU
		Release|Any CPU = Release|Any CPU
	EndGlobalSection
	GlobalSection(ProjectConfigurationPlatforms) = postSolution
		{88F5D19F-6A16-44FE-A802-12733A9EB9D6}.Debug|Any CPU.ActiveCfg = Debug|Any CPU
		{88F5D19F-6A16-44FE-A802-12733A9EB9D6}.Debug|Any CPU.Build.0 = Debug|Any CPU
		{88F5D19F-6A16-44FE-A802-12733A9EB9D6}.Release|Any CPU.ActiveCfg = Release|Any CPU
		{88F5D19F-6A16-44FE-A802-12733A9EB9D6}.Release|Any CPU.Build.0 = Release|Any CPU
	EndGlobalSection
	GlobalSection(SolutionProperties) = preSolution
		HideSolutionNode = FALSE
	EndGlobalSection
	GlobalSection(ExtensibilityGlobals) = postSolution
		SolutionGuid = {C373222C-686F-45D6-84FC-4AA956FEBAD6}
	EndGlobalSection
EndGlobal
